
Microsoft Visual Studio Solution File, Format Version 12.00
# Visual Studio Version 16
VisualStudioVersion = 16.0.32510.428
MinimumVisualStudioVersion = 10.0.40219.1
Project("{FAE04EC0-301F-11D3-BF4B-00C04F79EFBC}") = "PresentacionTienda", "PresentacionTienda.csproj", "{48B71884-A962-4E63-9BBE-608C67B60F05}"
EndProject
Project("{FAE04EC0-301F-11D3-BF4B-00C04F79EFBC}") = "AccesoDatosTienda", "..\AccesoDatosTienda\AccesoDatosTienda.csproj", "{940320D9-C7D7-49E9-B3C4-B7AA599C0297}"
EndProject
Project("{FAE04EC0-301F-11D3-BF4B-00C04F79EFBC}") = "ManejadorTienda", "..\ManejadorTienda\ManejadorTienda.csproj", "{A5165771-F66A-4EE3-9304-49C22132759E}"
EndProject
Project("{FAE04EC0-301F-11D3-BF4B-00C04F79EFBC}") = "EntidadesTienda", "..\EntidadesTienda\EntidadesTienda.csproj", "{97C557DB-30DB-4382-9CF5-C5F79154AE3A}"
EndProject
Global
	GlobalSection(SolutionConfigurationPlatforms) = preSolution
		Debug|Any CPU = Debug|Any CPU
		Release|Any CPU = Release|Any CPU
	EndGlobalSection
	GlobalSection(ProjectConfigurationPlatforms) = postSolution
		{48B71884-A962-4E63-9BBE-608C67B60F05}.Debug|Any CPU.ActiveCfg = Debug|Any CPU
		{48B71884-A962-4E63-9BBE-608C67B60F05}.Debug|Any CPU.Build.0 = Debug|Any CPU
		{48B71884-A962-4E63-9BBE-608C67B60F05}.Release|Any CPU.ActiveCfg = Release|Any CPU
		{48B71884-A962-4E63-9BBE-608C67B60F05}.Release|Any CPU.Build.0 = Release|Any CPU
		{940320D9-C7D7-49E9-B3C4-B7AA599C0297}.Debug|Any CPU.ActiveCfg = Debug|Any CPU
		{940320D9-C7D7-49E9-B3C4-B7AA599C0297}.Debug|Any CPU.Build.0 = Debug|Any CPU
		{940320D9-C7D7-49E9-B3C4-B7AA599C0297}.Release|Any CPU.ActiveCfg = Release|Any CPU
		{940320D9-C7D7-49E9-B3C4-B7AA599C0297}.Release|Any CPU.Build.0 = Release|Any CPU
		{A5165771-F66A-4EE3-9304-49C22132759E}.Debug|Any CPU.ActiveCfg = Debug|Any CPU
		{A5165771-F66A-4EE3-9304-49C22132759E}.Debug|Any CPU.Build.0 = Debug|Any CPU
		{A5165771-F66A-4EE3-9304-49C22132759E}.Release|Any CPU.ActiveCfg = Release|Any CPU
		{A5165771-F66A-4EE3-9304-49C22132759E}.Release|Any CPU.Build.0 = Release|Any CPU
		{97C557DB-30DB-4382-9CF5-C5F79154AE3A}.Debug|Any CPU.ActiveCfg = Debug|Any CPU
		{97C557DB-30DB-4382-9CF5-C5F79154AE3A}.Debug|Any CPU.Build.0 = Debug|Any CPU
		{97C557DB-30DB-4382-9CF5-C5F79154AE3A}.Release|Any CPU.ActiveCfg = Release|Any CPU
		{97C557DB-30DB-4382-9CF5-C5F79154AE3A}.Release|Any CPU.Build.0 = Release|Any CPU
	EndGlobalSection
	GlobalSection(SolutionProperties) = preSolution
		HideSolutionNode = FALSE
	EndGlobalSection
	GlobalSection(ExtensibilityGlobals) = postSolution
		SolutionGuid = {FD4CF964-AD4A-4419-9546-71D61A032F05}
	EndGlobalSection
EndGlobal
